
Microsoft Visual Studio Solution File, Format Version 12.00
# Visual Studio Version 16
VisualStudioVersion = 16.0.31702.278
MinimumVisualStudioVersion = 10.0.40219.1
Project("{FAE04EC0-301F-11D3-BF4B-00C04F79EFBC}") = "HomeApp.UWP", "HomeApp\HomeApp.UWP\HomeApp.UWP.csproj", "{300D57D1-D938-4B1F-935A-D7005A364CB3}"
EndProject
Project("{FAE04EC0-301F-11D3-BF4B-00C04F79EFBC}") = "HomeApp.Android", "HomeApp\HomeApp.Android\HomeApp.Android.csproj", "{24401A06-1CAD-4326-860F-9269AB132308}"
EndProject
Project("{FAE04EC0-301F-11D3-BF4B-00C04F79EFBC}") = "HomeApp.iOS", "HomeApp\HomeApp.iOS\HomeApp.iOS.csproj", "{ED6625C9-B7B5-4919-BF64-2743408100BA}"
EndProject
Project("{FAE04EC0-301F-11D3-BF4B-00C04F79EFBC}") = "HomeApp", "HomeApp\HomeApp\HomeApp.csproj", "{61BA9E3A-5755-4B60-A54D-36E619EEB80E}"
EndProject
Global
	GlobalSection(SolutionConfigurationPlatforms) = preSolution
		Debug|Any CPU = Debug|Any CPU
		Debug|ARM = Debug|ARM
		Debug|iPhone = Debug|iPhone
		Debug|iPhoneSimulator = Debug|iPhoneSimulator
		Debug|x64 = Debug|x64
		Debug|x86 = Debug|x86
		Release|Any CPU = Release|Any CPU
		Release|ARM = Release|ARM
		Release|iPhone = Release|iPhone
		Release|iPhoneSimulator = Release|iPhoneSimulator
		Release|x64 = Release|x64
		Release|x86 = Release|x86
	EndGlobalSection
	GlobalSection(ProjectConfigurationPlatforms) = postSolution
		{300D57D1-D938-4B1F-935A-D7005A364CB3}.Debug|Any CPU.ActiveCfg = Debug|x86
		{300D57D1-D938-4B1F-935A-D7005A364CB3}.Debug|Any CPU.Build.0 = Debug|x86
		{300D57D1-D938-4B1F-935A-D7005A364CB3}.Debug|Any CPU.Deploy.0 = Debug|x86
		{300D57D1-D938-4B1F-935A-D7005A364CB3}.Debug|ARM.ActiveCfg = Debug|ARM
		{300D57D1-D938-4B1F-935A-D7005A364CB3}.Debug|ARM.Build.0 = Debug|ARM
		{300D57D1-D938-4B1F-935A-D7005A364CB3}.Debug|ARM.Deploy.0 = Debug|ARM
		{300D57D1-D938-4B1F-935A-D7005A364CB3}.Debug|iPhone.ActiveCfg = Debug|x86
		{300D57D1-D938-4B1F-935A-D7005A364CB3}.Debug|iPhone.Build.0 = Debug|x86
		{300D57D1-D938-4B1F-935A-D7005A364CB3}.Debug|iPhone.Deploy.0 = Debug|x86
		{300D57D1-D938-4B1F-935A-D7005A364CB3}.Debug|iPhoneSimulator.ActiveCfg = Debug|x86
		{300D57D1-D938-4B1F-935A-D7005A364CB3}.Debug|iPhoneSimulator.Build.0 = Debug|x86
		{300D57D1-D938-4B1F-935A-D7005A364CB3}.Debug|iPhoneSimulator.Deploy.0 = Debug|x86
		{300D57D1-D938-4B1F-935A-D7005A364CB3}.Debug|x64.ActiveCfg = Debug|x64
		{300D57D1-D938-4B1F-935A-D7005A364CB3}.Debug|x64.Build.0 = Debug|x64
		{300D57D1-D938-4B1F-935A-D7005A364CB3}.Debug|x64.Deploy.0 = Debug|x64
		{300D57D1-D938-4B1F-935A-D7005A364CB3}.Debug|x86.ActiveCfg = Debug|x86
		{300D57D1-D938-4B1F-935A-D7005A364CB3}.Debug|x86.Build.0 = Debug|x86
		{300D57D1-D938-4B1F-935A-D7005A364CB3}.Debug|x86.Deploy.0 = Debug|x86
		{300D57D1-D938-4B1F-935A-D7005A364CB3}.Release|Any CPU.ActiveCfg = Release|x86
		{300D57D1-D938-4B1F-935A-D7005A364CB3}.Release|Any CPU.Build.0 = Release|x86
		{300D57D1-D938-4B1F-935A-D7005A364CB3}.Release|Any CPU.Deploy.0 = Release|x86
		{300D57D1-D938-4B1F-935A-D7005A364CB3}.Release|ARM.ActiveCfg = Release|ARM
		{300D57D1-D938-4B1F-935A-D7005A364CB3}.Release|ARM.Build.0 = Release|ARM
		{300D57D1-D938-4B1F-935A-D7005A364CB3}.Release|ARM.Deploy.0 = Release|ARM
		{300D57D1-D938-4B1F-935A-D7005A364CB3}.Release|iPhone.ActiveCfg = Release|x86
		{300D57D1-D938-4B1F-935A-D7005A364CB3}.Release|iPhone.Build.0 = Release|x86
		{300D57D1-D938-4B1F-935A-D7005A364CB3}.Release|iPhone.Deploy.0 = Release|x86
		{300D57D1-D938-4B1F-935A-D7005A364CB3}.Release|iPhoneSimulator.ActiveCfg = Release|x86
		{300D57D1-D938-4B1F-935A-D7005A364CB3}.Release|iPhoneSimulator.Build.0 = Release|x86
		{300D57D1-D938-4B1F-935A-D7005A364CB3}.Release|iPhoneSimulator.Deploy.0 = Release|x86
		{300D57D1-D938-4B1F-935A-D7005A364CB3}.Release|x64.ActiveCfg = Release|x64
		{300D57D1-D938-4B1F-935A-D7005A364CB3}.Release|x64.Build.0 = Release|x64
		{300D57D1-D938-4B1F-935A-D7005A364CB3}.Release|x64.Deploy.0 = Release|x64
		{300D57D1-D938-4B1F-935A-D7005A364CB3}.Release|x86.ActiveCfg = Release|x86
		{300D57D1-D938-4B1F-935A-D7005A364CB3}.Release|x86.Build.0 = Release|x86
		{300D57D1-D938-4B1F-935A-D7005A364CB3}.Release|x86.Deploy.0 = Release|x86
		{24401A06-1CAD-4326-860F-9269AB132308}.Debug|Any CPU.ActiveCfg = Debug|Any CPU
		{24401A06-1CAD-4326-860F-9269AB132308}.Debug|Any CPU.Build.0 = Debug|Any CPU
		{24401A06-1CAD-4326-860F-9269AB132308}.Debug|Any CPU.Deploy.0 = Debug|Any CPU
		{24401A06-1CAD-4326-860F-9269AB132308}.Debug|ARM.ActiveCfg = Debug|Any CPU
		{24401A06-1CAD-4326-860F-9269AB132308}.Debug|ARM.Build.0 = Debug|Any CPU
		{24401A06-1CAD-4326-860F-9269AB132308}.Debug|ARM.Deploy.0 = Debug|Any CPU
		{24401A06-1CAD-4326-860F-9269AB132308}.Debug|iPhone.ActiveCfg = Debug|Any CPU
		{24401A06-1CAD-4326-860F-9269AB132308}.Debug|iPhone.Build.0 = Debug|Any CPU
		{24401A06-1CAD-4326-860F-9269AB132308}.Debug|iPhone.Deploy.0 = Debug|Any CPU
		{24401A06-1CAD-4326-860F-9269AB132308}.Debug|iPhoneSimulator.ActiveCfg = Debug|Any CPU
		{24401A06-1CAD-4326-860F-9269AB132308}.Debug|iPhoneSimulator.Build.0 = Debug|Any CPU
		{24401A06-1CAD-4326-860F-9269AB132308}.Debug|iPhoneSimulator.Deploy.0 = Debug|Any CPU
		{24401A06-1CAD-4326-860F-9269AB132308}.Debug|x64.ActiveCfg = Debug|Any CPU
		{24401A06-1CAD-4326-860F-9269AB132308}.Debug|x64.Build.0 = Debug|Any CPU
		{24401A06-1CAD-4326-860F-9269AB132308}.Debug|x64.Deploy.0 = Debug|Any CPU
		{24401A06-1CAD-4326-860F-9269AB132308}.Debug|x86.ActiveCfg = Debug|Any CPU
		{24401A06-1CAD-4326-860F-9269AB132308}.Debug|x86.Build.0 = Debug|Any CPU
		{24401A06-1CAD-4326-860F-9269AB132308}.Debug|x86.Deploy.0 = Debug|Any CPU
		{24401A06-1CAD-4326-860F-9269AB132308}.Release|Any CPU.ActiveCfg = Release|Any CPU
		{24401A06-1CAD-4326-860F-9269AB132308}.Release|Any CPU.Build.0 = Release|Any CPU
		{24401A06-1CAD-4326-860F-9269AB132308}.Release|Any CPU.Deploy.0 = Release|Any CPU
		{24401A06-1CAD-4326-860F-9269AB132308}.Release|ARM.ActiveCfg = Release|Any CPU
		{24401A06-1CAD-4326-860F-9269AB132308}.Release|ARM.Build.0 = Release|Any CPU
		{24401A06-1CAD-4326-860F-9269AB132308}.Release|ARM.Deploy.0 = Release|Any CPU
		{24401A06-1CAD-4326-860F-9269AB132308}.Release|iPhone.ActiveCfg = Release|Any CPU
		{24401A06-1CAD-4326-860F-9269AB132308}.Release|iPhone.Build.0 = Release|Any CPU
		{24401A06-1CAD-4326-860F-9269AB132308}.Release|iPhone.Deploy.0 = Release|Any CPU
		{24401A06-1CAD-4326-860F-9269AB132308}.Release|iPhoneSimulator.ActiveCfg = Release|Any CPU
		{24401A06-1CAD-4326-860F-9269AB132308}.Release|iPhoneSimulator.Build.0 = Release|Any CPU
		{24401A06-1CAD-4326-860F-9269AB132308}.Release|iPhoneSimulator.Deploy.0 = Release|Any CPU
		{24401A06-1CAD-4326-860F-9269AB132308}.Release|x64.ActiveCfg = Release|Any CPU
		{24401A06-1CAD-4326-860F-9269AB132308}.Release|x64.Build.0 = Release|Any CPU
		{24401A06-1CAD-4326-860F-9269AB132308}.Release|x64.Deploy.0 = Release|Any CPU
		{24401A06-1CAD-4326-860F-9269AB132308}.Release|x86.ActiveCfg = Release|Any CPU
		{24401A06-1CAD-4326-860F-9269AB132308}.Release|x86.Build.0 = Release|Any CPU
		{24401A06-1CAD-4326-860F-9269AB132308}.Release|x86.Deploy.0 = Release|Any CPU
		{ED6625C9-B7B5-4919-BF64-2743408100BA}.Debug|Any CPU.ActiveCfg = Debug|iPhoneSimulator
		{ED6625C9-B7B5-4919-BF64-2743408100BA}.Debug|Any CPU.Build.0 = Debug|iPhoneSimulator
		{ED6625C9-B7B5-4919-BF64-2743408100BA}.Debug|Any CPU.Deploy.0 = Debug|iPhoneSimulator
		{ED6625C9-B7B5-4919-BF64-2743408100BA}.Debug|ARM.ActiveCfg = Debug|iPhone
		{ED6625C9-B7B5-4919-BF64-2743408100BA}.Debug|ARM.Build.0 = Debug|iPhone
		{ED6625C9-B7B5-4919-BF64-2743408100BA}.Debug|ARM.Deploy.0 = Debug|iPhone
		{ED6625C9-B7B5-4919-BF64-2743408100BA}.Debug|iPhone.ActiveCfg = Debug|iPhone
		{ED6625C9-B7B5-4919-BF64-2743408100BA}.Debug|iPhone.Build.0 = Debug|iPhone
		{ED6625C9-B7B5-4919-BF64-2743408100BA}.Debug|iPhone.Deploy.0 = Debug|iPhone
		{ED6625C9-B7B5-4919-BF64-2743408100BA}.Debug|iPhoneSimulator.ActiveCfg = Debug|iPhoneSimulator
		{ED6625C9-B7B5-4919-BF64-2743408100BA}.Debug|iPhoneSimulator.Build.0 = Debug|iPhoneSimulator
		{ED6625C9-B7B5-4919-BF64-2743408100BA}.Debug|iPhoneSimulator.Deploy.0 = Debug|iPhoneSimulator
		{ED6625C9-B7B5-4919-BF64-2743408100BA}.Debug|x64.ActiveCfg = Debug|iPhoneSimulator
		{ED6625C9-B7B5-4919-BF64-2743408100BA}.Debug|x64.Build.0 = Debug|iPhoneSimulator
		{ED6625C9-B7B5-4919-BF64-2743408100BA}.Debug|x64.Deploy.0 = Debug|iPhoneSimulator
		{ED6625C9-B7B5-4919-BF64-2743408100BA}.Debug|x86.ActiveCfg = Debug|iPhoneSimulator
		{ED6625C9-B7B5-4919-BF64-2743408100BA}.Debug|x86.Build.0 = Debug|iPhoneSimulator
		{ED6625C9-B7B5-4919-BF64-2743408100BA}.Debug|x86.Deploy.0 = Debug|iPhoneSimulator
		{ED6625C9-B7B5-4919-BF64-2743408100BA}.Release|Any CPU.ActiveCfg = Release|iPhoneSimulator
		{ED6625C9-B7B5-4919-BF64-2743408100BA}.Release|Any CPU.Build.0 = Release|iPhoneSimulator
		{ED6625C9-B7B5-4919-BF64-2743408100BA}.Release|Any CPU.Deploy.0 = Release|iPhoneSimulator
		{ED6625C9-B7B5-4919-BF64-2743408100BA}.Release|ARM.ActiveCfg = Release|iPhoneSimulator
		{ED6625C9-B7B5-4919-BF64-2743408100BA}.Release|ARM.Build.0 = Release|iPhoneSimulator
		{ED6625C9-B7B5-4919-BF64-2743408100BA}.Release|ARM.Deploy.0 = Release|iPhoneSimulator
		{ED6625C9-B7B5-4919-BF64-2743408100BA}.Release|iPhone.ActiveCfg = Release|iPhone
		{ED6625C9-B7B5-4919-BF64-2743408100BA}.Release|iPhone.Build.0 = Release|iPhone
		{ED6625C9-B7B5-4919-BF64-2743408100BA}.Release|iPhone.Deploy.0 = Release|iPhone
		{ED6625C9-B7B5-4919-BF64-2743408100BA}.Release|iPhoneSimulator.ActiveCfg = Release|iPhoneSimulator
		{ED6625C9-B7B5-4919-BF64-2743408100BA}.Release|iPhoneSimulator.Build.0 = Release|iPhoneSimulator
		{ED6625C9-B7B5-4919-BF64-2743408100BA}.Release|iPhoneSimulator.Deploy.0 = Release|iPhoneSimulator
		{ED6625C9-B7B5-4919-BF64-2743408100BA}.Release|x64.ActiveCfg = Release|iPhoneSimulator
		{ED6625C9-B7B5-4919-BF64-2743408100BA}.Release|x64.Build.0 = Release|iPhoneSimulator
		{ED6625C9-B7B5-4919-BF64-2743408100BA}.Release|x64.Deploy.0 = Release|iPhoneSimulator
		{ED6625C9-B7B5-4919-BF64-2743408100BA}.Release|x86.ActiveCfg = Release|iPhoneSimulator
		{ED6625C9-B7B5-4919-BF64-2743408100BA}.Release|x86.Build.0 = Release|iPhoneSimulator
		{ED6625C9-B7B5-4919-BF64-2743408100BA}.Release|x86.Deploy.0 = Release|iPhoneSimulator
		{61BA9E3A-5755-4B60-A54D-36E619EEB80E}.Debug|Any CPU.ActiveCfg = Debug|Any CPU
		{61BA9E3A-5755-4B60-A54D-36E619EEB80E}.Debug|Any CPU.Build.0 = Debug|Any CPU
		{61BA9E3A-5755-4B60-A54D-36E619EEB80E}.Debug|Any CPU.Deploy.0 = Debug|Any CPU
		{61BA9E3A-5755-4B60-A54D-36E619EEB80E}.Debug|ARM.ActiveCfg = Debug|Any CPU
		{61BA9E3A-5755-4B60-A54D-36E619EEB80E}.Debug|ARM.Build.0 = Debug|Any CPU
		{61BA9E3A-5755-4B60-A54D-36E619EEB80E}.Debug|ARM.Deploy.0 = Debug|Any CPU
		{61BA9E3A-5755-4B60-A54D-36E619EEB80E}.Debug|iPhone.ActiveCfg = Debug|Any CPU
		{61BA9E3A-5755-4B60-A54D-36E619EEB80E}.Debug|iPhone.Build.0 = Debug|Any CPU
		{61BA9E3A-5755-4B60-A54D-36E619EEB80E}.Debug|iPhone.Deploy.0 = Debug|Any CPU
		{61BA9E3A-5755-4B60-A54D-36E619EEB80E}.Debug|iPhoneSimulator.ActiveCfg = Debug|Any CPU
		{61BA9E3A-5755-4B60-A54D-36E619EEB80E}.Debug|iPhoneSimulator.Build.0 = Debug|Any CPU
		{61BA9E3A-5755-4B60-A54D-36E619EEB80E}.Debug|iPhoneSimulator.Deploy.0 = Debug|Any CPU
		{61BA9E3A-5755-4B60-A54D-36E619EEB80E}.Debug|x64.ActiveCfg = Debug|Any CPU
		{61BA9E3A-5755-4B60-A54D-36E619EEB80E}.Debug|x64.Build.0 = Debug|Any CPU
		{61BA9E3A-5755-4B60-A54D-36E619EEB80E}.Debug|x64.Deploy.0 = Debug|Any CPU
		{61BA9E3A-5755-4B60-A54D-36E619EEB80E}.Debug|x86.ActiveCfg = Debug|Any CPU
		{61BA9E3A-5755-4B60-A54D-36E619EEB80E}.Debug|x86.Build.0 = Debug|Any CPU
		{61BA9E3A-5755-4B60-A54D-36E619EEB80E}.Debug|x86.Deploy.0 = Debug|Any CPU
		{61BA9E3A-5755-4B60-A54D-36E619EEB80E}.Release|Any CPU.ActiveCfg = Release|Any CPU
		{61BA9E3A-5755-4B60-A54D-36E619EEB80E}.Release|Any CPU.Build.0 = Release|Any CPU
		{61BA9E3A-5755-4B60-A54D-36E619EEB80E}.Release|Any CPU.Deploy.0 = Release|Any CPU
		{61BA9E3A-5755-4B60-A54D-36E619EEB80E}.Release|ARM.ActiveCfg = Release|Any CPU
		{61BA9E3A-5755-4B60-A54D-36E619EEB80E}.Release|ARM.Build.0 = Release|Any CPU
		{61BA9E3A-5755-4B60-A54D-36E619EEB80E}.Release|ARM.Deploy.0 = Release|Any CPU
		{61BA9E3A-5755-4B60-A54D-36E619EEB80E}.Release|iPhone.ActiveCfg = Release|Any CPU
		{61BA9E3A-5755-4B60-A54D-36E619EEB80E}.Release|iPhone.Build.0 = Release|Any CPU
		{61BA9E3A-5755-4B60-A54D-36E619EEB80E}.Release|iPhone.Deploy.0 = Release|Any CPU
		{61BA9E3A-5755-4B60-A54D-36E619EEB80E}.Release|iPhoneSimulator.ActiveCfg = Release|Any CPU
		{61BA9E3A-5755-4B60-A54D-36E619EEB80E}.Release|iPhoneSimulator.Build.0 = Release|Any CPU
		{61BA9E3A-5755-4B60-A54D-36E619EEB80E}.Release|iPhoneSimulator.Deploy.0 = Release|Any CPU
		{61BA9E3A-5755-4B60-A54D-36E619EEB80E}.Release|x64.ActiveCfg = Release|Any CPU
		{61BA9E3A-5755-4B60-A54D-36E619EEB80E}.Release|x64.Build.0 = Release|Any CPU
		{61BA9E3A-5755-4B60-A54D-36E619EEB80E}.Release|x64.Deploy.0 = Release|Any CPU
		{61BA9E3A-5755-4B60-A54D-36E619EEB80E}.Release|x86.ActiveCfg = Release|Any CPU
		{61BA9E3A-5755-4B60-A54D-36E619EEB80E}.Release|x86.Build.0 = Release|Any CPU
		{61BA9E3A-5755-4B60-A54D-36E619EEB80E}.Release|x86.Deploy.0 = Release|Any CPU
	EndGlobalSection
	GlobalSection(SolutionProperties) = preSolution
		HideSolutionNode = FALSE
	EndGlobalSection
	GlobalSection(ExtensibilityGlobals) = postSolution
		SolutionGuid = {65893B89-436C-4657-9E8F-0CC61E3F4008}
	EndGlobalSection
EndGlobal
